// !$*UTF8*$!
{
	archiveVersion = 1;
	classes = {
	};
	objectVersion = 77;
	objects = {

/* Begin PBXBuildFile section */
		075CA5677ECA523F1CA6F7A6 /* DeleteAccountView.swift in Sources */ = {isa = PBXBuildFile; fileRef = 28DC9076361BF4597150DD9A /* DeleteAccountView.swift */; };
		0DD0267C535D6928AEB5724F /* ProfileView.swift in Sources */ = {isa = PBXBuildFile; fileRef = F9A4084A72883B08D8E86318 /* ProfileView.swift */; };
		11D8483235961405C8EFA76B /* EarnView.swift in Sources */ = {isa = PBXBuildFile; fileRef = C8D44F586052816F6148F9C1 /* EarnView.swift */; };
		18C6EA6E9EB4D6EA6E5CD502 /* Assets.xcassets in Resources */ = {isa = PBXBuildFile; fileRef = 0E202B94F0B8B8ED551BDD35 /* Assets.xcassets */; };
		299F4657958A6152C81652C4 /* PrivacyPolicyView.swift in Sources */ = {isa = PBXBuildFile; fileRef = 2D16B0914665869A4D016892 /* PrivacyPolicyView.swift */; };
		2AA1651A145A56C81533A8B7 /* User.swift in Sources */ = {isa = PBXBuildFile; fileRef = 816A20BBA0A9B38F183F9A33 /* User.swift */; };
		39C5340C39EC81F856CFC4A0 /* NotificationsSettingsView.swift in Sources */ = {isa = PBXBuildFile; fileRef = 612A067CDA4B241D20671567 /* NotificationsSettingsView.swift */; };
		39F6765DCD743191757D0F15 /* AutoReloadView.swift in Sources */ = {isa = PBXBuildFile; fileRef = BDADB89188E8E9E490D564DF /* AutoReloadView.swift */; };
		40FD7D3F1E17D0EE553D8770 /* AppSession.swift in Sources */ = {isa = PBXBuildFile; fileRef = 319E632A29A62FF13BDF0C9E /* AppSession.swift */; };
		4D1DAF2A182E7AE18C34E945 /* HelpCenterView.swift in Sources */ = {isa = PBXBuildFile; fileRef = 6B9BD11495CF85CCE39DFC93 /* HelpCenterView.swift */; };
		597477870001E18EF54053F2 /* RoleSelectView.swift in Sources */ = {isa = PBXBuildFile; fileRef = 31DCAB379EF4B4C4461ED69F /* RoleSelectView.swift */; };
		6105AE6014CD1F9C585792C9 /* ParentPrivacyView.swift in Sources */ = {isa = PBXBuildFile; fileRef = 721421A7C69EF5BF0178EB85 /* ParentPrivacyView.swift */; };
		662687618635FB1AFC149D73 /* ContentView.swift in Sources */ = {isa = PBXBuildFile; fileRef = AF2EA35145479D910A75A456 /* ContentView.swift */; };
		6734CB913199D1D3D4EEE2C2 /* SecurityView.swift in Sources */ = {isa = PBXBuildFile; fileRef = F7E0D618A41EBEA9C7B20F5D /* SecurityView.swift */; };
		6C351C62BA07192F5C147A8D /* ChildrenView.swift in Sources */ = {isa = PBXBuildFile; fileRef = 7CA8B13E72DFF1102947AEA8 /* ChildrenView.swift */; };
		71AA109DFB0E4E361B9B9B87 /* TermsOfServiceView.swift in Sources */ = {isa = PBXBuildFile; fileRef = 92A1099BBBE9C340530AB6A7 /* TermsOfServiceView.swift */; };
		9959B181E4BEE99C9BDCCFCE /* EditProfileView.swift in Sources */ = {isa = PBXBuildFile; fileRef = AB304E74DCA905D7DB94A8CA /* EditProfileView.swift */; };
		9BB0A610C0243F25D7414910 /* ParentNotificationsView.swift in Sources */ = {isa = PBXBuildFile; fileRef = F21187D3B1DB3F1E74F85DB2 /* ParentNotificationsView.swift */; };
		9DE946DFD0C301952D17ACA8 /* AboutKiweeView.swift in Sources */ = {isa = PBXBuildFile; fileRef = 75C24A5E53144A657AAE0F8E /* AboutKiweeView.swift */; };
		A6E3A5F7F24FDF0869719582 /* HomeView.swift in Sources */ = {isa = PBXBuildFile; fileRef = 5925E8890C74025F33B98D08 /* HomeView.swift */; };
		AF20167B7DD50B04B5619541 /* SaveView.swift in Sources */ = {isa = PBXBuildFile; fileRef = 183BA2D8450E54767692F7A0 /* SaveView.swift */; };
		AF5A1EF5162A647366BEA0C3 /* CoParentView.swift in Sources */ = {isa = PBXBuildFile; fileRef = 5678E09466774C937B2D6499 /* CoParentView.swift */; };
		B2D21B805A0697B3324F3A6A /* ParentProfileView.swift in Sources */ = {isa = PBXBuildFile; fileRef = 9168749BB7AE4039566822F9 /* ParentProfileView.swift */; };
		B37912CB213C990F029543F8 /* EditParentProfileView.swift in Sources */ = {isa = PBXBuildFile; fileRef = FCFDED1FFF699530DEFD0C53 /* EditParentProfileView.swift */; };
		B97CF9D847DBA010598B3857 /* KiweeApp.swift in Sources */ = {isa = PBXBuildFile; fileRef = 8087EA93A3790749AC0CFD89 /* KiweeApp.swift */; };
		BEE58B75303AE33CBCBC2A14 /* TransactionHistoryView.swift in Sources */ = {isa = PBXBuildFile; fileRef = 8FDB9135FDB1640FE14EE46A /* TransactionHistoryView.swift */; };
		C2B6711BB0DFDC7EBBCC2F78 /* KiweeGlassTabBar.swift in Sources */ = {isa = PBXBuildFile; fileRef = A1ED1A02D1E8BEC38749FEFD /* KiweeGlassTabBar.swift */; };
		C4C012EFFFA8C3ECC7BAD127 /* ParentUser.swift in Sources */ = {isa = PBXBuildFile; fileRef = 82C78880D07957B7443AA4DB /* ParentUser.swift */; };
		C88D2B98C4AE6D514B87A3F5 /* PrivacySettingsView.swift in Sources */ = {isa = PBXBuildFile; fileRef = 276DD9BC7113E7581B4E6E61 /* PrivacySettingsView.swift */; };
		D61AD57B0B7FC4F7902BF420 /* ActivityView.swift in Sources */ = {isa = PBXBuildFile; fileRef = 6F07481386C7B381E4737E8F /* ActivityView.swift */; };
		E2999A7293C8F260AA8BD3AA /* FamilyView.swift in Sources */ = {isa = PBXBuildFile; fileRef = 1B50329AF45CA957462BECF5 /* FamilyView.swift */; };
		ED8057AD7D75CB8257069172 /* PaymentMethodsView.swift in Sources */ = {isa = PBXBuildFile; fileRef = 36C397C19EBF11D16AFEB7D8 /* PaymentMethodsView.swift */; };
		F12A301A9E5E60F8C69725E2 /* SendFeedbackView.swift in Sources */ = {isa = PBXBuildFile; fileRef = 858953BE84979FDDA009286D /* SendFeedbackView.swift */; };
		F2ABBAB3F6257E29C413E67D /* KiweeTab.swift in Sources */ = {isa = PBXBuildFile; fileRef = 64FEEEE209997119BB8FC88C /* KiweeTab.swift */; };
		F3ED812F51E2362A5CBFC3CA /* ParentAppearanceView.swift in Sources */ = {isa = PBXBuildFile; fileRef = 041555121F48A030316E9751 /* ParentAppearanceView.swift */; };
		F44775D721FA7AFFFAB05828 /* AppearanceSettingsView.swift in Sources */ = {isa = PBXBuildFile; fileRef = 43420AFF9AD85DCFB3BC9ECB /* AppearanceSettingsView.swift */; };
/* End PBXBuildFile section */

/* Begin PBXFileReference section */
		041555121F48A030316E9751 /* ParentAppearanceView.swift */ = {isa = PBXFileReference; lastKnownFileType = sourcecode.swift; path = ParentAppearanceView.swift; sourceTree = "<group>"; };
		0E202B94F0B8B8ED551BDD35 /* Assets.xcassets */ = {isa = PBXFileReference; lastKnownFileType = folder.assetcatalog; path = Assets.xcassets; sourceTree = "<group>"; };
		183BA2D8450E54767692F7A0 /* SaveView.swift */ = {isa = PBXFileReference; lastKnownFileType = sourcecode.swift; path = SaveView.swift; sourceTree = "<group>"; };
		1B50329AF45CA957462BECF5 /* FamilyView.swift */ = {isa = PBXFileReference; lastKnownFileType = sourcecode.swift; path = FamilyView.swift; sourceTree = "<group>"; };
		276DD9BC7113E7581B4E6E61 /* PrivacySettingsView.swift */ = {isa = PBXFileReference; lastKnownFileType = sourcecode.swift; path = PrivacySettingsView.swift; sourceTree = "<group>"; };
		28DC9076361BF4597150DD9A /* DeleteAccountView.swift */ = {isa = PBXFileReference; lastKnownFileType = sourcecode.swift; path = DeleteAccountView.swift; sourceTree = "<group>"; };
		2D16B0914665869A4D016892 /* PrivacyPolicyView.swift */ = {isa = PBXFileReference; lastKnownFileType = sourcecode.swift; path = PrivacyPolicyView.swift; sourceTree = "<group>"; };
		319E632A29A62FF13BDF0C9E /* AppSession.swift */ = {isa = PBXFileReference; lastKnownFileType = sourcecode.swift; path = AppSession.swift; sourceTree = "<group>"; };
		31DCAB379EF4B4C4461ED69F /* RoleSelectView.swift */ = {isa = PBXFileReference; lastKnownFileType = sourcecode.swift; path = RoleSelectView.swift; sourceTree = "<group>"; };
		36C397C19EBF11D16AFEB7D8 /* PaymentMethodsView.swift */ = {isa = PBXFileReference; lastKnownFileType = sourcecode.swift; path = PaymentMethodsView.swift; sourceTree = "<group>"; };
		43420AFF9AD85DCFB3BC9ECB /* AppearanceSettingsView.swift */ = {isa = PBXFileReference; lastKnownFileType = sourcecode.swift; path = AppearanceSettingsView.swift; sourceTree = "<group>"; };
		5678E09466774C937B2D6499 /* CoParentView.swift */ = {isa = PBXFileReference; lastKnownFileType = sourcecode.swift; path = CoParentView.swift; sourceTree = "<group>"; };
		5925E8890C74025F33B98D08 /* HomeView.swift */ = {isa = PBXFileReference; lastKnownFileType = sourcecode.swift; path = HomeView.swift; sourceTree = "<group>"; };
		612A067CDA4B241D20671567 /* NotificationsSettingsView.swift */ = {isa = PBXFileReference; lastKnownFileType = sourcecode.swift; path = NotificationsSettingsView.swift; sourceTree = "<group>"; };
		64FEEEE209997119BB8FC88C /* KiweeTab.swift */ = {isa = PBXFileReference; lastKnownFileType = sourcecode.swift; path = KiweeTab.swift; sourceTree = "<group>"; };
		6B9BD11495CF85CCE39DFC93 /* HelpCenterView.swift */ = {isa = PBXFileReference; lastKnownFileType = sourcecode.swift; path = HelpCenterView.swift; sourceTree = "<group>"; };
		6F07481386C7B381E4737E8F /* ActivityView.swift */ = {isa = PBXFileReference; lastKnownFileType = sourcecode.swift; path = ActivityView.swift; sourceTree = "<group>"; };
		721421A7C69EF5BF0178EB85 /* ParentPrivacyView.swift */ = {isa = PBXFileReference; lastKnownFileType = sourcecode.swift; path = ParentPrivacyView.swift; sourceTree = "<group>"; };
		75C24A5E53144A657AAE0F8E /* AboutKiweeView.swift */ = {isa = PBXFileReference; lastKnownFileType = sourcecode.swift; path = AboutKiweeView.swift; sourceTree = "<group>"; };
		7CA8B13E72DFF1102947AEA8 /* ChildrenView.swift */ = {isa = PBXFileReference; lastKnownFileType = sourcecode.swift; path = ChildrenView.swift; sourceTree = "<group>"; };
		8087EA93A3790749AC0CFD89 /* KiweeApp.swift */ = {isa = PBXFileReference; lastKnownFileType = sourcecode.swift; path = KiweeApp.swift; sourceTree = "<group>"; };
		816A20BBA0A9B38F183F9A33 /* User.swift */ = {isa = PBXFileReference; lastKnownFileType = sourcecode.swift; path = User.swift; sourceTree = "<group>"; };
		82C78880D07957B7443AA4DB /* ParentUser.swift */ = {isa = PBXFileReference; lastKnownFileType = sourcecode.swift; path = ParentUser.swift; sourceTree = "<group>"; };
		858953BE84979FDDA009286D /* SendFeedbackView.swift */ = {isa = PBXFileReference; lastKnownFileType = sourcecode.swift; path = SendFeedbackView.swift; sourceTree = "<group>"; };
		8FDB9135FDB1640FE14EE46A /* TransactionHistoryView.swift */ = {isa = PBXFileReference; lastKnownFileType = sourcecode.swift; path = TransactionHistoryView.swift; sourceTree = "<group>"; };
		9168749BB7AE4039566822F9 /* ParentProfileView.swift */ = {isa = PBXFileReference; lastKnownFileType = sourcecode.swift; path = ParentProfileView.swift; sourceTree = "<group>"; };
		92A1099BBBE9C340530AB6A7 /* TermsOfServiceView.swift */ = {isa = PBXFileReference; lastKnownFileType = sourcecode.swift; path = TermsOfServiceView.swift; sourceTree = "<group>"; };
		A1ED1A02D1E8BEC38749FEFD /* KiweeGlassTabBar.swift */ = {isa = PBXFileReference; lastKnownFileType = sourcecode.swift; path = KiweeGlassTabBar.swift; sourceTree = "<group>"; };
		A86628276B91492C682097E0 /* Kiwee.app */ = {isa = PBXFileReference; includeInIndex = 0; lastKnownFileType = wrapper.application; path = Kiwee.app; sourceTree = BUILT_PRODUCTS_DIR; };
		AB304E74DCA905D7DB94A8CA /* EditProfileView.swift */ = {isa = PBXFileReference; lastKnownFileType = sourcecode.swift; path = EditProfileView.swift; sourceTree = "<group>"; };
		AF2EA35145479D910A75A456 /* ContentView.swift */ = {isa = PBXFileReference; lastKnownFileType = sourcecode.swift; path = ContentView.swift; sourceTree = "<group>"; };
		BDADB89188E8E9E490D564DF /* AutoReloadView.swift */ = {isa = PBXFileReference; lastKnownFileType = sourcecode.swift; path = AutoReloadView.swift; sourceTree = "<group>"; };
		C8D44F586052816F6148F9C1 /* EarnView.swift */ = {isa = PBXFileReference; lastKnownFileType = sourcecode.swift; path = EarnView.swift; sourceTree = "<group>"; };
		F21187D3B1DB3F1E74F85DB2 /* ParentNotificationsView.swift */ = {isa = PBXFileReference; lastKnownFileType = sourcecode.swift; path = ParentNotificationsView.swift; sourceTree = "<group>"; };
		F7E0D618A41EBEA9C7B20F5D /* SecurityView.swift */ = {isa = PBXFileReference; lastKnownFileType = sourcecode.swift; path = SecurityView.swift; sourceTree = "<group>"; };
		F9A4084A72883B08D8E86318 /* ProfileView.swift */ = {isa = PBXFileReference; lastKnownFileType = sourcecode.swift; path = ProfileView.swift; sourceTree = "<group>"; };
		FCFDED1FFF699530DEFD0C53 /* EditParentProfileView.swift */ = {isa = PBXFileReference; lastKnownFileType = sourcecode.swift; path = EditParentProfileView.swift; sourceTree = "<group>"; };
/* End PBXFileReference section */

/* Begin PBXGroup section */
		026A311552004E0D2A45EF8D /* Products */ = {
			isa = PBXGroup;
			children = (
				A86628276B91492C682097E0 /* Kiwee.app */,
			);
			name = Products;
			sourceTree = "<group>";
		};
		0A954874D94C798F6022B113 /* ParentProfile */ = {
			isa = PBXGroup;
			children = (
				FCFDED1FFF699530DEFD0C53 /* EditParentProfileView.swift */,
				9168749BB7AE4039566822F9 /* ParentProfileView.swift */,
				9EF06469935CD321ABB72D29 /* Account */,
				82E15C6610C75BBAD402F74C /* Auth */,
				F641FC6071C16EB26F401920 /* Family */,
				7F74CC980EDF766D3DBA4F7A /* Money */,
				64C7D06A80910F5F8B67D885 /* Support */,
			);
			path = ParentProfile;
			sourceTree = "<group>";
		};
		154A6C0113DE4FB4AAF299F4 /* Profile */ = {
			isa = PBXGroup;
			children = (
				75C24A5E53144A657AAE0F8E /* AboutKiweeView.swift */,
				43420AFF9AD85DCFB3BC9ECB /* AppearanceSettingsView.swift */,
				AB304E74DCA905D7DB94A8CA /* EditProfileView.swift */,
				1B50329AF45CA957462BECF5 /* FamilyView.swift */,
				6B9BD11495CF85CCE39DFC93 /* HelpCenterView.swift */,
				612A067CDA4B241D20671567 /* NotificationsSettingsView.swift */,
				276DD9BC7113E7581B4E6E61 /* PrivacySettingsView.swift */,
				858953BE84979FDDA009286D /* SendFeedbackView.swift */,
			);
			path = Profile;
			sourceTree = "<group>";
		};
		52799AB7BFB155128CD8BAAD /* Navigation */ = {
			isa = PBXGroup;
			children = (
				A1ED1A02D1E8BEC38749FEFD /* KiweeGlassTabBar.swift */,
			);
			path = Navigation;
			sourceTree = "<group>";
		};
		64C7D06A80910F5F8B67D885 /* Support */ = {
			isa = PBXGroup;
			children = (
				2D16B0914665869A4D016892 /* PrivacyPolicyView.swift */,
				92A1099BBBE9C340530AB6A7 /* TermsOfServiceView.swift */,
			);
			path = Support;
			sourceTree = "<group>";
		};
		6F5F1FC3C27F4B00A3AADABD = {
			isa = PBXGroup;
			children = (
				E75178F2888CCB1E57FB0857 /* Kiwee */,
				026A311552004E0D2A45EF8D /* Products */,
			);
			sourceTree = "<group>";
		};
		7F74CC980EDF766D3DBA4F7A /* Money */ = {
			isa = PBXGroup;
			children = (
				BDADB89188E8E9E490D564DF /* AutoReloadView.swift */,
				36C397C19EBF11D16AFEB7D8 /* PaymentMethodsView.swift */,
				8FDB9135FDB1640FE14EE46A /* TransactionHistoryView.swift */,
			);
			path = Money;
			sourceTree = "<group>";
		};
		82E15C6610C75BBAD402F74C /* Auth */ = {
			isa = PBXGroup;
			children = (
				28DC9076361BF4597150DD9A /* DeleteAccountView.swift */,
			);
			path = Auth;
			sourceTree = "<group>";
		};
		9EF06469935CD321ABB72D29 /* Account */ = {
			isa = PBXGroup;
			children = (
				041555121F48A030316E9751 /* ParentAppearanceView.swift */,
				F21187D3B1DB3F1E74F85DB2 /* ParentNotificationsView.swift */,
				721421A7C69EF5BF0178EB85 /* ParentPrivacyView.swift */,
				F7E0D618A41EBEA9C7B20F5D /* SecurityView.swift */,
			);
			path = Account;
			sourceTree = "<group>";
		};
		C1E8E0BAB1B86BFA02212B3E /* Tabs */ = {
			isa = PBXGroup;
			children = (
				6F07481386C7B381E4737E8F /* ActivityView.swift */,
				C8D44F586052816F6148F9C1 /* EarnView.swift */,
				5925E8890C74025F33B98D08 /* HomeView.swift */,
				F9A4084A72883B08D8E86318 /* ProfileView.swift */,
				183BA2D8450E54767692F7A0 /* SaveView.swift */,
			);
			path = Tabs;
			sourceTree = "<group>";
		};
		E1A7266AC037CE52F44D0C35 /* Models */ = {
			isa = PBXGroup;
			children = (
				319E632A29A62FF13BDF0C9E /* AppSession.swift */,
				64FEEEE209997119BB8FC88C /* KiweeTab.swift */,
				82C78880D07957B7443AA4DB /* ParentUser.swift */,
				816A20BBA0A9B38F183F9A33 /* User.swift */,
			);
			path = Models;
			sourceTree = "<group>";
		};
		E4170ADAF53A41347558DB5B /* RoleSelect */ = {
			isa = PBXGroup;
			children = (
				31DCAB379EF4B4C4461ED69F /* RoleSelectView.swift */,
			);
			path = RoleSelect;
			sourceTree = "<group>";
		};
		E75178F2888CCB1E57FB0857 /* Kiwee */ = {
			isa = PBXGroup;
			children = (
				0E202B94F0B8B8ED551BDD35 /* Assets.xcassets */,
				AF2EA35145479D910A75A456 /* ContentView.swift */,
				8087EA93A3790749AC0CFD89 /* KiweeApp.swift */,
				E1A7266AC037CE52F44D0C35 /* Models */,
				52799AB7BFB155128CD8BAAD /* Navigation */,
				0A954874D94C798F6022B113 /* ParentProfile */,
				154A6C0113DE4FB4AAF299F4 /* Profile */,
				E4170ADAF53A41347558DB5B /* RoleSelect */,
				C1E8E0BAB1B86BFA02212B3E /* Tabs */,
			);
			path = Kiwee;
			sourceTree = "<group>";
		};
		F641FC6071C16EB26F401920 /* Family */ = {
			isa = PBXGroup;
			children = (
				7CA8B13E72DFF1102947AEA8 /* ChildrenView.swift */,
				5678E09466774C937B2D6499 /* CoParentView.swift */,
			);
			path = Family;
			sourceTree = "<group>";
		};
/* End PBXGroup section */

/* Begin PBXNativeTarget section */
		729488081831EB2346D84C33 /* Kiwee */ = {
			isa = PBXNativeTarget;
			buildConfigurationList = 4DFB51FF6BC46786233EB02F /* Build configuration list for PBXNativeTarget "Kiwee" */;
			buildPhases = (
				3D8FBD6A76A1920A47084EBD /* Sources */,
				12FD4D1123BA2EFCFEA400EF /* Resources */,
			);
			buildRules = (
			);
			dependencies = (
			);
			name = Kiwee;
			packageProductDependencies = (
			);
			productName = Kiwee;
			productReference = A86628276B91492C682097E0 /* Kiwee.app */;
			productType = "com.apple.product-type.application";
		};
/* End PBXNativeTarget section */

/* Begin PBXProject section */
		E5F0CDE6A164D5458DB4FB7E /* Project object */ = {
			isa = PBXProject;
			attributes = {
				BuildIndependentTargetsInParallel = YES;
				LastUpgradeCheck = 2600;
				TargetAttributes = {
				};
			};
			buildConfigurationList = B70BAACDF76F18EB5EFE49DB /* Build configuration list for PBXProject "Kiwee" */;
			developmentRegion = en;
			hasScannedForEncodings = 0;
			knownRegions = (
				Base,
				en,
			);
			mainGroup = 6F5F1FC3C27F4B00A3AADABD;
			minimizedProjectReferenceProxies = 1;
			preferredProjectObjectVersion = 77;
			productRefGroup = 026A311552004E0D2A45EF8D /* Products */;
			projectDirPath = "";
			projectRoot = "";
			targets = (
				729488081831EB2346D84C33 /* Kiwee */,
			);
		};
/* End PBXProject section */

/* Begin PBXResourcesBuildPhase section */
		12FD4D1123BA2EFCFEA400EF /* Resources */ = {
			isa = PBXResourcesBuildPhase;
			buildActionMask = 2147483647;
			files = (
				18C6EA6E9EB4D6EA6E5CD502 /* Assets.xcassets in Resources */,
			);
			runOnlyForDeploymentPostprocessing = 0;
		};
/* End PBXResourcesBuildPhase section */

/* Begin PBXSourcesBuildPhase section */
		3D8FBD6A76A1920A47084EBD /* Sources */ = {
			isa = PBXSourcesBuildPhase;
			buildActionMask = 2147483647;
			files = (
				9DE946DFD0C301952D17ACA8 /* AboutKiweeView.swift in Sources */,
				D61AD57B0B7FC4F7902BF420 /* ActivityView.swift in Sources */,
				40FD7D3F1E17D0EE553D8770 /* AppSession.swift in Sources */,
				F44775D721FA7AFFFAB05828 /* AppearanceSettingsView.swift in Sources */,
				39F6765DCD743191757D0F15 /* AutoReloadView.swift in Sources */,
				6C351C62BA07192F5C147A8D /* ChildrenView.swift in Sources */,
				AF5A1EF5162A647366BEA0C3 /* CoParentView.swift in Sources */,
				662687618635FB1AFC149D73 /* ContentView.swift in Sources */,
				075CA5677ECA523F1CA6F7A6 /* DeleteAccountView.swift in Sources */,
				11D8483235961405C8EFA76B /* EarnView.swift in Sources */,
				B37912CB213C990F029543F8 /* EditParentProfileView.swift in Sources */,
				9959B181E4BEE99C9BDCCFCE /* EditProfileView.swift in Sources */,
				E2999A7293C8F260AA8BD3AA /* FamilyView.swift in Sources */,
				4D1DAF2A182E7AE18C34E945 /* HelpCenterView.swift in Sources */,
				A6E3A5F7F24FDF0869719582 /* HomeView.swift in Sources */,
				B97CF9D847DBA010598B3857 /* KiweeApp.swift in Sources */,
				C2B6711BB0DFDC7EBBCC2F78 /* KiweeGlassTabBar.swift in Sources */,
				F2ABBAB3F6257E29C413E67D /* KiweeTab.swift in Sources */,
				39C5340C39EC81F856CFC4A0 /* NotificationsSettingsView.swift in Sources */,
				F3ED812F51E2362A5CBFC3CA /* ParentAppearanceView.swift in Sources */,
				9BB0A610C0243F25D7414910 /* ParentNotificationsView.swift in Sources */,
				6105AE6014CD1F9C585792C9 /* ParentPrivacyView.swift in Sources */,
				B2D21B805A0697B3324F3A6A /* ParentProfileView.swift in Sources */,
				C4C012EFFFA8C3ECC7BAD127 /* ParentUser.swift in Sources */,
				ED8057AD7D75CB8257069172 /* PaymentMethodsView.swift in Sources */,
				299F4657958A6152C81652C4 /* PrivacyPolicyView.swift in Sources */,
				C88D2B98C4AE6D514B87A3F5 /* PrivacySettingsView.swift in Sources */,
				0DD0267C535D6928AEB5724F /* ProfileView.swift in Sources */,
				597477870001E18EF54053F2 /* RoleSelectView.swift in Sources */,
				AF20167B7DD50B04B5619541 /* SaveView.swift in Sources */,
				6734CB913199D1D3D4EEE2C2 /* SecurityView.swift in Sources */,
				F12A301A9E5E60F8C69725E2 /* SendFeedbackView.swift in Sources */,
				71AA109DFB0E4E361B9B9B87 /* TermsOfServiceView.swift in Sources */,
				BEE58B75303AE33CBCBC2A14 /* TransactionHistoryView.swift in Sources */,
				2AA1651A145A56C81533A8B7 /* User.swift in Sources */,
			);
			runOnlyForDeploymentPostprocessing = 0;
		};
/* End PBXSourcesBuildPhase section */

/* Begin XCBuildConfiguration section */
		43B07BA36A5EDA996F539449 /* Release */ = {
			isa = XCBuildConfiguration;
			buildSettings = {
				ALWAYS_SEARCH_USER_PATHS = NO;
				ASSETCATALOG_COMPILER_APPICON_NAME = AppIcon;
				ASSETCATALOG_COMPILER_GLOBAL_ACCENT_COLOR_NAME = AccentColor;
				CLANG_ANALYZER_NONNULL = YES;
				CLANG_ANALYZER_NUMBER_OBJECT_CONVERSION = YES_AGGRESSIVE;
				CLANG_CXX_LANGUAGE_STANDARD = "gnu++14";
				CLANG_CXX_LIBRARY = "libc++";
				CLANG_ENABLE_MODULES = YES;
				CLANG_ENABLE_OBJC_ARC = YES;
				CLANG_ENABLE_OBJC_WEAK = YES;
				CLANG_WARN_BLOCK_CAPTURE_AUTORELEASING = YES;
				CLANG_WARN_BOOL_CONVERSION = YES;
				CLANG_WARN_COMMA = YES;
				CLANG_WARN_CONSTANT_CONVERSION = YES;
				CLANG_WARN_DEPRECATED_OBJC_IMPLEMENTATIONS = YES;
				CLANG_WARN_DIRECT_OBJC_ISA_USAGE = YES_ERROR;
				CLANG_WARN_DOCUMENTATION_COMMENTS = YES;
				CLANG_WARN_EMPTY_BODY = YES;
				CLANG_WARN_ENUM_CONVERSION = YES;
				CLANG_WARN_INFINITE_RECURSION = YES;
				CLANG_WARN_INT_CONVERSION = YES;
				CLANG_WARN_NON_LITERAL_NULL_CONVERSION = YES;
				CLANG_WARN_OBJC_IMPLICIT_RETAIN_SELF = YES;
				CLANG_WARN_OBJC_LITERAL_CONVERSION = YES;
				CLANG_WARN_OBJC_ROOT_CLASS = YES_ERROR;
				CLANG_WARN_QUOTED_INCLUDE_IN_FRAMEWORK_HEADER = YES;
				CLANG_WARN_RANGE_LOOP_ANALYSIS = YES;
				CLANG_WARN_STRICT_PROTOTYPES = YES;
				CLANG_WARN_SUSPICIOUS_MOVE = YES;
				CLANG_WARN_UNGUARDED_AVAILABILITY = YES_AGGRESSIVE;
				CLANG_WARN_UNREACHABLE_CODE = YES;
				CLANG_WARN__DUPLICATE_METHOD_MATCH = YES;
				COPY_PHASE_STRIP = NO;
				CURRENT_PROJECT_VERSION = 1;
				DEBUG_INFORMATION_FORMAT = "dwarf-with-dsym";
				ENABLE_NS_ASSERTIONS = NO;
				ENABLE_PREVIEWS = YES;
				ENABLE_STRICT_OBJC_MSGSEND = YES;
				GCC_C_LANGUAGE_STANDARD = gnu11;
				GCC_NO_COMMON_BLOCKS = YES;
				GCC_WARN_64_TO_32_BIT_CONVERSION = YES;
				GCC_WARN_ABOUT_RETURN_TYPE = YES_ERROR;
				GCC_WARN_UNDECLARED_SELECTOR = YES;
				GCC_WARN_UNINITIALIZED_AUTOS = YES_AGGRESSIVE;
				GCC_WARN_UNUSED_FUNCTION = YES;
				GCC_WARN_UNUSED_VARIABLE = YES;
				GENERATE_INFOPLIST_FILE = YES;
				IPHONEOS_DEPLOYMENT_TARGET = 26.0;
				MARKETING_VERSION = 1.0;
				MTL_ENABLE_DEBUG_INFO = NO;
				MTL_FAST_MATH = YES;
				PRODUCT_NAME = "$(TARGET_NAME)";
				SDKROOT = iphoneos;
				SWIFT_COMPILATION_MODE = wholemodule;
				SWIFT_EMIT_LOC_STRINGS = YES;
				SWIFT_OPTIMIZATION_LEVEL = "-O";
				SWIFT_VERSION = 6.0;
				TARGETED_DEVICE_FAMILY = 1;
			};
			name = Release;
		};
		51970204BC0A7B89B6AAFBCF /* Release */ = {
			isa = XCBuildConfiguration;
			buildSettings = {
				ASSETCATALOG_COMPILER_APPICON_NAME = AppIcon;
				CODE_SIGN_IDENTITY = "iPhone Developer";
				INFOPLIST_KEY_UIApplicationSceneManifest_Generation = YES;
				INFOPLIST_KEY_UIApplicationSupportsIndirectInputEvents = YES;
				INFOPLIST_KEY_UILaunchScreen_Generation = YES;
				INFOPLIST_KEY_UISupportedInterfaceOrientations_iPhone = UIInterfaceOrientationPortrait;
				LD_RUNPATH_SEARCH_PATHS = (
					"$(inherited)",
					"@executable_path/Frameworks",
				);
				PRODUCT_BUNDLE_IDENTIFIER = com.kiwee.app;
				PRODUCT_NAME = Kiwee;
				SDKROOT = iphoneos;
				TARGETED_DEVICE_FAMILY = "1,2";
			};
			name = Release;
		};
		51D6C35FA8CB15C3D8088F4F /* Debug */ = {
			isa = XCBuildConfiguration;
			buildSettings = {
				ALWAYS_SEARCH_USER_PATHS = NO;
				ASSETCATALOG_COMPILER_APPICON_NAME = AppIcon;
				ASSETCATALOG_COMPILER_GLOBAL_ACCENT_COLOR_NAME = AccentColor;
				CLANG_ANALYZER_NONNULL = YES;
				CLANG_ANALYZER_NUMBER_OBJECT_CONVERSION = YES_AGGRESSIVE;
				CLANG_CXX_LANGUAGE_STANDARD = "gnu++14";
				CLANG_CXX_LIBRARY = "libc++";
				CLANG_ENABLE_MODULES = YES;
				CLANG_ENABLE_OBJC_ARC = YES;
				CLANG_ENABLE_OBJC_WEAK = YES;
				CLANG_WARN_BLOCK_CAPTURE_AUTORELEASING = YES;
				CLANG_WARN_BOOL_CONVERSION = YES;
				CLANG_WARN_COMMA = YES;
				CLANG_WARN_CONSTANT_CONVERSION = YES;
				CLANG_WARN_DEPRECATED_OBJC_IMPLEMENTATIONS = YES;
				CLANG_WARN_DIRECT_OBJC_ISA_USAGE = YES_ERROR;
				CLANG_WARN_DOCUMENTATION_COMMENTS = YES;
				CLANG_WARN_EMPTY_BODY = YES;
				CLANG_WARN_ENUM_CONVERSION = YES;
				CLANG_WARN_INFINITE_RECURSION = YES;
				CLANG_WARN_INT_CONVERSION = YES;
				CLANG_WARN_NON_LITERAL_NULL_CONVERSION = YES;
				CLANG_WARN_OBJC_IMPLICIT_RETAIN_SELF = YES;
				CLANG_WARN_OBJC_LITERAL_CONVERSION = YES;
				CLANG_WARN_OBJC_ROOT_CLASS = YES_ERROR;
				CLANG_WARN_QUOTED_INCLUDE_IN_FRAMEWORK_HEADER = YES;
				CLANG_WARN_RANGE_LOOP_ANALYSIS = YES;
				CLANG_WARN_STRICT_PROTOTYPES = YES;
				CLANG_WARN_SUSPICIOUS_MOVE = YES;
				CLANG_WARN_UNGUARDED_AVAILABILITY = YES_AGGRESSIVE;
				CLANG_WARN_UNREACHABLE_CODE = YES;
				CLANG_WARN__DUPLICATE_METHOD_MATCH = YES;
				COPY_PHASE_STRIP = NO;
				CURRENT_PROJECT_VERSION = 1;
				DEBUG_INFORMATION_FORMAT = dwarf;
				ENABLE_PREVIEWS = YES;
				ENABLE_STRICT_OBJC_MSGSEND = YES;
				ENABLE_TESTABILITY = YES;
				GCC_C_LANGUAGE_STANDARD = gnu11;
				GCC_DYNAMIC_NO_PIC = NO;
				GCC_NO_COMMON_BLOCKS = YES;
				GCC_OPTIMIZATION_LEVEL = 0;
				GCC_PREPROCESSOR_DEFINITIONS = (
					"$(inherited)",
					"DEBUG=1",
				);
				GCC_WARN_64_TO_32_BIT_CONVERSION = YES;
				GCC_WARN_ABOUT_RETURN_TYPE = YES_ERROR;
				GCC_WARN_UNDECLARED_SELECTOR = YES;
				GCC_WARN_UNINITIALIZED_AUTOS = YES_AGGRESSIVE;
				GCC_WARN_UNUSED_FUNCTION = YES;
				GCC_WARN_UNUSED_VARIABLE = YES;
				GENERATE_INFOPLIST_FILE = YES;
				IPHONEOS_DEPLOYMENT_TARGET = 26.0;
				MARKETING_VERSION = 1.0;
				MTL_ENABLE_DEBUG_INFO = INCLUDE_SOURCE;
				MTL_FAST_MATH = YES;
				ONLY_ACTIVE_ARCH = YES;
				PRODUCT_NAME = "$(TARGET_NAME)";
				SDKROOT = iphoneos;
				SWIFT_ACTIVE_COMPILATION_CONDITIONS = DEBUG;
				SWIFT_EMIT_LOC_STRINGS = YES;
				SWIFT_OPTIMIZATION_LEVEL = "-Onone";
				SWIFT_VERSION = 6.0;
				TARGETED_DEVICE_FAMILY = 1;
			};
			name = Debug;
		};
		FD1BE9BD120006A62E0E42C4 /* Debug */ = {
			isa = XCBuildConfiguration;
			buildSettings = {
				ASSETCATALOG_COMPILER_APPICON_NAME = AppIcon;
				CODE_SIGN_IDENTITY = "iPhone Developer";
				INFOPLIST_KEY_UIApplicationSceneManifest_Generation = YES;
				INFOPLIST_KEY_UIApplicationSupportsIndirectInputEvents = YES;
				INFOPLIST_KEY_UILaunchScreen_Generation = YES;
				INFOPLIST_KEY_UISupportedInterfaceOrientations_iPhone = UIInterfaceOrientationPortrait;
				LD_RUNPATH_SEARCH_PATHS = (
					"$(inherited)",
					"@executable_path/Frameworks",
				);
				PRODUCT_BUNDLE_IDENTIFIER = com.kiwee.app;
				PRODUCT_NAME = Kiwee;
				SDKROOT = iphoneos;
				TARGETED_DEVICE_FAMILY = "1,2";
			};
			name = Debug;
		};
/* End XCBuildConfiguration section */

/* Begin XCConfigurationList section */
		4DFB51FF6BC46786233EB02F /* Build configuration list for PBXNativeTarget "Kiwee" */ = {
			isa = XCConfigurationList;
			buildConfigurations = (
				FD1BE9BD120006A62E0E42C4 /* Debug */,
				51970204BC0A7B89B6AAFBCF /* Release */,
			);
			defaultConfigurationIsVisible = 0;
			defaultConfigurationName = Debug;
		};
		B70BAACDF76F18EB5EFE49DB /* Build configuration list for PBXProject "Kiwee" */ = {
			isa = XCConfigurationList;
			buildConfigurations = (
				51D6C35FA8CB15C3D8088F4F /* Debug */,
				43B07BA36A5EDA996F539449 /* Release */,
			);
			defaultConfigurationIsVisible = 0;
			defaultConfigurationName = Debug;
		};
/* End XCConfigurationList section */
	};
	rootObject = E5F0CDE6A164D5458DB4FB7E /* Project object */;
}
